
Microsoft Visual Studio Solution File, Format Version 12.00
Project("{FAE04EC0-301F-11D3-BF4B-00C04F79EFBC}") = "apbd", "apbd\apbd.csproj", "{68A871EF-0661-4663-B861-D1A24EB0499D}"
EndProject
Global
	GlobalSection(SolutionConfigurationPlatforms) = preSolution
		Debug|Any CPU = Debug|Any CPU
		Release|Any CPU = Release|Any CPU
	EndGlobalSection
	GlobalSection(ProjectConfigurationPlatforms) = postSolution
		{68A871EF-0661-4663-B861-D1A24EB0499D}.Debug|Any CPU.ActiveCfg = Debug|Any CPU
		{68A871EF-0661-4663-B861-D1A24EB0499D}.Debug|Any CPU.Build.0 = Debug|Any CPU
		{68A871EF-0661-4663-B861-D1A24EB0499D}.Release|Any CPU.ActiveCfg = Release|Any CPU
		{68A871EF-0661-4663-B861-D1A24EB0499D}.Release|Any CPU.Build.0 = Release|Any CPU
	EndGlobalSection
EndGlobal
